
Microsoft Visual Studio Solution File, Format Version 12.00
# Visual Studio 2012
Project("{FAE04EC0-301F-11D3-BF4B-00C04F79EFBC}") = "Program01", "Program01\Program01.csproj", "{E405FA10-7CF3-4788-89A3-0F3ECC6032D8}"
EndProject
Global
	GlobalSection(SolutionConfigurationPlatforms) = preSolution
		Debug|Any CPU = Debug|Any CPU
		Release|Any CPU = Release|Any CPU
	EndGlobalSection
	GlobalSection(ProjectConfigurationPlatforms) = postSolution
		{E405FA10-7CF3-4788-89A3-0F3ECC6032D8}.Debug|Any CPU.ActiveCfg = Debug|Any CPU
		{E405FA10-7CF3-4788-89A3-0F3ECC6032D8}.Debug|Any CPU.Build.0 = Debug|Any CPU
		{E405FA10-7CF3-4788-89A3-0F3ECC6032D8}.Release|Any CPU.ActiveCfg = Release|Any CPU
		{E405FA10-7CF3-4788-89A3-0F3ECC6032D8}.Release|Any CPU.Build.0 = Release|Any CPU
	EndGlobalSection
	GlobalSection(SolutionProperties) = preSolution
		HideSolutionNode = FALSE
	EndGlobalSection
EndGlobal
